
Microsoft Visual Studio Solution File, Format Version 12.00
# Visual Studio Version 17
VisualStudioVersion = 17.2.32519.379
MinimumVisualStudioVersion = 10.0.40219.1
Project("{9A19103F-16F7-4668-BE54-9A1E7A4F7556}") = "UserRegistrationApp", "UserRegistrationApp\UserRegistrationApp.csproj", "{59C9149F-4852-46D2-AB5C-2D1AFEDC82F9}"
EndProject
Project("{9A19103F-16F7-4668-BE54-9A1E7A4F7556}") = "UserRegistration.Data", "UserRegistration.Data\UserRegistration.Data.csproj", "{F041EE9E-C481-4FD0-A9C1-2DE9EE324D39}"
EndProject
Project("{FAE04EC0-301F-11D3-BF4B-00C04F79EFBC}") = "UserRegistrationTest3", "UserRegistrationTest3\UserRegistrationTest3.csproj", "{C38B513A-9A53-4658-A97B-8C8615CC9364}"
EndProject
Global
	GlobalSection(SolutionConfigurationPlatforms) = preSolution
		Debug|Any CPU = Debug|Any CPU
		Release|Any CPU = Release|Any CPU
	EndGlobalSection
	GlobalSection(ProjectConfigurationPlatforms) = postSolution
		{59C9149F-4852-46D2-AB5C-2D1AFEDC82F9}.Debug|Any CPU.ActiveCfg = Debug|Any CPU
		{59C9149F-4852-46D2-AB5C-2D1AFEDC82F9}.Debug|Any CPU.Build.0 = Debug|Any CPU
		{59C9149F-4852-46D2-AB5C-2D1AFEDC82F9}.Release|Any CPU.ActiveCfg = Release|Any CPU
		{59C9149F-4852-46D2-AB5C-2D1AFEDC82F9}.Release|Any CPU.Build.0 = Release|Any CPU
		{F041EE9E-C481-4FD0-A9C1-2DE9EE324D39}.Debug|Any CPU.ActiveCfg = Debug|Any CPU
		{F041EE9E-C481-4FD0-A9C1-2DE9EE324D39}.Debug|Any CPU.Build.0 = Debug|Any CPU
		{F041EE9E-C481-4FD0-A9C1-2DE9EE324D39}.Release|Any CPU.ActiveCfg = Release|Any CPU
		{F041EE9E-C481-4FD0-A9C1-2DE9EE324D39}.Release|Any CPU.Build.0 = Release|Any CPU
		{C38B513A-9A53-4658-A97B-8C8615CC9364}.Debug|Any CPU.ActiveCfg = Debug|Any CPU
		{C38B513A-9A53-4658-A97B-8C8615CC9364}.Debug|Any CPU.Build.0 = Debug|Any CPU
		{C38B513A-9A53-4658-A97B-8C8615CC9364}.Release|Any CPU.ActiveCfg = Release|Any CPU
		{C38B513A-9A53-4658-A97B-8C8615CC9364}.Release|Any CPU.Build.0 = Release|Any CPU
	EndGlobalSection
	GlobalSection(SolutionProperties) = preSolution
		HideSolutionNode = FALSE
	EndGlobalSection
	GlobalSection(ExtensibilityGlobals) = postSolution
		SolutionGuid = {1913FB88-5EFE-4DF4-A01D-65E6F20AF252}
	EndGlobalSection
EndGlobal
