
Microsoft Visual Studio Solution File, Format Version 12.00
# Visual Studio Version 17
VisualStudioVersion = 17.0.32014.148
MinimumVisualStudioVersion = 10.0.40219.1
Project("{FAE04EC0-301F-11D3-BF4B-00C04F79EFBC}") = "UnitTest_Project", "UnitTest_Project\UnitTest_Project.csproj", "{A962CB87-F4BE-44B3-B149-307C9EBCCCAC}"
EndProject
Project("{FAE04EC0-301F-11D3-BF4B-00C04F79EFBC}") = "Unit", "Unit\Unit.csproj", "{B3EFC6B5-561F-44FC-ADC3-7C5218C93E6E}"
EndProject
Project("{FAE04EC0-301F-11D3-BF4B-00C04F79EFBC}") = "Bank", "Bank\Bank.csproj", "{54C7BAEE-C6AB-476E-A992-108D5EFCA1B9}"
EndProject
Global
	GlobalSection(SolutionConfigurationPlatforms) = preSolution
		Debug|Any CPU = Debug|Any CPU
		Release|Any CPU = Release|Any CPU
	EndGlobalSection
	GlobalSection(ProjectConfigurationPlatforms) = postSolution
		{A962CB87-F4BE-44B3-B149-307C9EBCCCAC}.Debug|Any CPU.ActiveCfg = Debug|Any CPU
		{A962CB87-F4BE-44B3-B149-307C9EBCCCAC}.Debug|Any CPU.Build.0 = Debug|Any CPU
		{A962CB87-F4BE-44B3-B149-307C9EBCCCAC}.Release|Any CPU.ActiveCfg = Release|Any CPU
		{A962CB87-F4BE-44B3-B149-307C9EBCCCAC}.Release|Any CPU.Build.0 = Release|Any CPU
		{B3EFC6B5-561F-44FC-ADC3-7C5218C93E6E}.Debug|Any CPU.ActiveCfg = Debug|Any CPU
		{B3EFC6B5-561F-44FC-ADC3-7C5218C93E6E}.Debug|Any CPU.Build.0 = Debug|Any CPU
		{B3EFC6B5-561F-44FC-ADC3-7C5218C93E6E}.Release|Any CPU.ActiveCfg = Release|Any CPU
		{B3EFC6B5-561F-44FC-ADC3-7C5218C93E6E}.Release|Any CPU.Build.0 = Release|Any CPU
		{54C7BAEE-C6AB-476E-A992-108D5EFCA1B9}.Debug|Any CPU.ActiveCfg = Debug|Any CPU
		{54C7BAEE-C6AB-476E-A992-108D5EFCA1B9}.Debug|Any CPU.Build.0 = Debug|Any CPU
		{54C7BAEE-C6AB-476E-A992-108D5EFCA1B9}.Release|Any CPU.ActiveCfg = Release|Any CPU
		{54C7BAEE-C6AB-476E-A992-108D5EFCA1B9}.Release|Any CPU.Build.0 = Release|Any CPU
	EndGlobalSection
	GlobalSection(SolutionProperties) = preSolution
		HideSolutionNode = FALSE
	EndGlobalSection
	GlobalSection(ExtensibilityGlobals) = postSolution
		SolutionGuid = {3FDC8A98-A5C7-49D1-A69E-A27DBEDD04D6}
	EndGlobalSection
EndGlobal
