
Microsoft Visual Studio Solution File, Format Version 12.00
# Visual Studio Version 17
VisualStudioVersion = 17.2.32519.379
MinimumVisualStudioVersion = 10.0.40219.1
Project("{FAE04EC0-301F-11D3-BF4B-00C04F79EFBC}") = "CompletePhoneBookApplication2", "CompletePhoneBookApplication2\CompletePhoneBookApplication2.csproj", "{80C759A4-4D9E-4E2A-9C89-6BF7E0EACA3E}"
EndProject
Global
	GlobalSection(SolutionConfigurationPlatforms) = preSolution
		Debug|Any CPU = Debug|Any CPU
		Release|Any CPU = Release|Any CPU
	EndGlobalSection
	GlobalSection(ProjectConfigurationPlatforms) = postSolution
		{80C759A4-4D9E-4E2A-9C89-6BF7E0EACA3E}.Debug|Any CPU.ActiveCfg = Debug|Any CPU
		{80C759A4-4D9E-4E2A-9C89-6BF7E0EACA3E}.Debug|Any CPU.Build.0 = Debug|Any CPU
		{80C759A4-4D9E-4E2A-9C89-6BF7E0EACA3E}.Release|Any CPU.ActiveCfg = Release|Any CPU
		{80C759A4-4D9E-4E2A-9C89-6BF7E0EACA3E}.Release|Any CPU.Build.0 = Release|Any CPU
	EndGlobalSection
	GlobalSection(SolutionProperties) = preSolution
		HideSolutionNode = FALSE
	EndGlobalSection
	GlobalSection(ExtensibilityGlobals) = postSolution
		SolutionGuid = {3128915C-7532-47D8-9FE9-0278631CC1A9}
	EndGlobalSection
EndGlobal
