
Microsoft Visual Studio Solution File, Format Version 12.00
# Visual Studio Version 17
VisualStudioVersion = 17.0.32014.148
MinimumVisualStudioVersion = 10.0.40219.1
Project("{FAE04EC0-301F-11D3-BF4B-00C04F79EFBC}") = "SimCardApp", "SimCardApp\SimCardApp.csproj", "{29FE2156-CB3E-405A-8CEB-921521493739}"
EndProject
Project("{FAE04EC0-301F-11D3-BF4B-00C04F79EFBC}") = "SimCardTest", "SimCardTest\SimCardTest.csproj", "{8C564777-63AB-417C-A7F5-A38445D6FC46}"
EndProject
Global
	GlobalSection(SolutionConfigurationPlatforms) = preSolution
		Debug|Any CPU = Debug|Any CPU
		Release|Any CPU = Release|Any CPU
	EndGlobalSection
	GlobalSection(ProjectConfigurationPlatforms) = postSolution
		{29FE2156-CB3E-405A-8CEB-921521493739}.Debug|Any CPU.ActiveCfg = Debug|Any CPU
		{29FE2156-CB3E-405A-8CEB-921521493739}.Debug|Any CPU.Build.0 = Debug|Any CPU
		{29FE2156-CB3E-405A-8CEB-921521493739}.Release|Any CPU.ActiveCfg = Release|Any CPU
		{29FE2156-CB3E-405A-8CEB-921521493739}.Release|Any CPU.Build.0 = Release|Any CPU
		{8C564777-63AB-417C-A7F5-A38445D6FC46}.Debug|Any CPU.ActiveCfg = Debug|Any CPU
		{8C564777-63AB-417C-A7F5-A38445D6FC46}.Debug|Any CPU.Build.0 = Debug|Any CPU
		{8C564777-63AB-417C-A7F5-A38445D6FC46}.Release|Any CPU.ActiveCfg = Release|Any CPU
		{8C564777-63AB-417C-A7F5-A38445D6FC46}.Release|Any CPU.Build.0 = Release|Any CPU
	EndGlobalSection
	GlobalSection(SolutionProperties) = preSolution
		HideSolutionNode = FALSE
	EndGlobalSection
	GlobalSection(ExtensibilityGlobals) = postSolution
		SolutionGuid = {F46D325C-926B-42C3-9897-290F7F342D27}
	EndGlobalSection
EndGlobal
