
Microsoft Visual Studio Solution File, Format Version 12.00
# Visual Studio Version 17
VisualStudioVersion = 17.2.32519.379
MinimumVisualStudioVersion = 10.0.40219.1
Project("{FAE04EC0-301F-11D3-BF4B-00C04F79EFBC}") = "library work", "library work\library work.csproj", "{EF700E14-1DA9-4C42-900E-3C6296991648}"
EndProject
Global
	GlobalSection(SolutionConfigurationPlatforms) = preSolution
		Debug|Any CPU = Debug|Any CPU
		Release|Any CPU = Release|Any CPU
	EndGlobalSection
	GlobalSection(ProjectConfigurationPlatforms) = postSolution
		{EF700E14-1DA9-4C42-900E-3C6296991648}.Debug|Any CPU.ActiveCfg = Debug|Any CPU
		{EF700E14-1DA9-4C42-900E-3C6296991648}.Debug|Any CPU.Build.0 = Debug|Any CPU
		{EF700E14-1DA9-4C42-900E-3C6296991648}.Release|Any CPU.ActiveCfg = Release|Any CPU
		{EF700E14-1DA9-4C42-900E-3C6296991648}.Release|Any CPU.Build.0 = Release|Any CPU
	EndGlobalSection
	GlobalSection(SolutionProperties) = preSolution
		HideSolutionNode = FALSE
	EndGlobalSection
	GlobalSection(ExtensibilityGlobals) = postSolution
		SolutionGuid = {1909E1AD-2654-431F-A0B6-281B875D83F9}
	EndGlobalSection
EndGlobal
