
Microsoft Visual Studio Solution File, Format Version 12.00
# Visual Studio Version 17
VisualStudioVersion = 17.2.32630.192
MinimumVisualStudioVersion = 10.0.40219.1
Project("{9A19103F-16F7-4668-BE54-9A1E7A4F7556}") = "BankApp", "BankApp\BankApp.csproj", "{25B92E2C-68BA-4E90-A97D-B91B0A165FCC}"
EndProject
Project("{9A19103F-16F7-4668-BE54-9A1E7A4F7556}") = "BankApp.Test", "BankApp.Test\BankApp.Test.csproj", "{A775FF88-8687-43C0-9EB1-3224BF0D44E8}"
EndProject
Project("{9A19103F-16F7-4668-BE54-9A1E7A4F7556}") = "BankApp.Core", "BankApp.Core\BankApp.Core.csproj", "{78CB4126-EF28-467B-B9CD-A2D94D9BAB0A}"
EndProject
Project("{9A19103F-16F7-4668-BE54-9A1E7A4F7556}") = "BankApp.Web", "BankApp.Web\BankApp.Web.csproj", "{58DE5AA8-1008-4C30-8CB2-3C7D0505C440}"
EndProject
Project("{FAE04EC0-301F-11D3-BF4B-00C04F79EFBC}") = "BankApp.Data", "BankApp.Data\BankApp.Data.csproj", "{A7418F55-25C6-4C57-8BBA-45C6A970D14F}"
EndProject
Global
	GlobalSection(SolutionConfigurationPlatforms) = preSolution
		Debug|Any CPU = Debug|Any CPU
		Release|Any CPU = Release|Any CPU
	EndGlobalSection
	GlobalSection(ProjectConfigurationPlatforms) = postSolution
		{25B92E2C-68BA-4E90-A97D-B91B0A165FCC}.Debug|Any CPU.ActiveCfg = Debug|Any CPU
		{25B92E2C-68BA-4E90-A97D-B91B0A165FCC}.Debug|Any CPU.Build.0 = Debug|Any CPU
		{25B92E2C-68BA-4E90-A97D-B91B0A165FCC}.Release|Any CPU.ActiveCfg = Release|Any CPU
		{25B92E2C-68BA-4E90-A97D-B91B0A165FCC}.Release|Any CPU.Build.0 = Release|Any CPU
		{A775FF88-8687-43C0-9EB1-3224BF0D44E8}.Debug|Any CPU.ActiveCfg = Debug|Any CPU
		{A775FF88-8687-43C0-9EB1-3224BF0D44E8}.Debug|Any CPU.Build.0 = Debug|Any CPU
		{A775FF88-8687-43C0-9EB1-3224BF0D44E8}.Release|Any CPU.ActiveCfg = Release|Any CPU
		{A775FF88-8687-43C0-9EB1-3224BF0D44E8}.Release|Any CPU.Build.0 = Release|Any CPU
		{78CB4126-EF28-467B-B9CD-A2D94D9BAB0A}.Debug|Any CPU.ActiveCfg = Debug|Any CPU
		{78CB4126-EF28-467B-B9CD-A2D94D9BAB0A}.Debug|Any CPU.Build.0 = Debug|Any CPU
		{78CB4126-EF28-467B-B9CD-A2D94D9BAB0A}.Release|Any CPU.ActiveCfg = Release|Any CPU
		{78CB4126-EF28-467B-B9CD-A2D94D9BAB0A}.Release|Any CPU.Build.0 = Release|Any CPU
		{58DE5AA8-1008-4C30-8CB2-3C7D0505C440}.Debug|Any CPU.ActiveCfg = Debug|Any CPU
		{58DE5AA8-1008-4C30-8CB2-3C7D0505C440}.Debug|Any CPU.Build.0 = Debug|Any CPU
		{58DE5AA8-1008-4C30-8CB2-3C7D0505C440}.Release|Any CPU.ActiveCfg = Release|Any CPU
		{58DE5AA8-1008-4C30-8CB2-3C7D0505C440}.Release|Any CPU.Build.0 = Release|Any CPU
		{A7418F55-25C6-4C57-8BBA-45C6A970D14F}.Debug|Any CPU.ActiveCfg = Debug|Any CPU
		{A7418F55-25C6-4C57-8BBA-45C6A970D14F}.Debug|Any CPU.Build.0 = Debug|Any CPU
		{A7418F55-25C6-4C57-8BBA-45C6A970D14F}.Release|Any CPU.ActiveCfg = Release|Any CPU
		{A7418F55-25C6-4C57-8BBA-45C6A970D14F}.Release|Any CPU.Build.0 = Release|Any CPU
	EndGlobalSection
	GlobalSection(SolutionProperties) = preSolution
		HideSolutionNode = FALSE
	EndGlobalSection
	GlobalSection(ExtensibilityGlobals) = postSolution
		SolutionGuid = {D4E71DE9-1360-4F0D-A7FC-00CA459DABF2}
	EndGlobalSection
EndGlobal
